
Microsoft Visual Studio Solution File, Format Version 12.00
# Visual Studio Version 17
VisualStudioVersion = 17.14.36811.4 d17.14
MinimumVisualStudioVersion = 10.0.40219.1
Project("{FAE04EC0-301F-11D3-BF4B-00C04F79EFBC}") = "TotoAnalyzer", "CP030\TotoAnalyzer.csproj", "{F5AC106D-185B-44F0-B4E1-FF18F75F9FCD}"
EndProject
Global
	GlobalSection(SolutionConfigurationPlatforms) = preSolution
		Debug|Any CPU = Debug|Any CPU
		Release|Any CPU = Release|Any CPU
	EndGlobalSection
	GlobalSection(ProjectConfigurationPlatforms) = postSolution
		{F5AC106D-185B-44F0-B4E1-FF18F75F9FCD}.Debug|Any CPU.ActiveCfg = Debug|Any CPU
		{F5AC106D-185B-44F0-B4E1-FF18F75F9FCD}.Debug|Any CPU.Build.0 = Debug|Any CPU
		{F5AC106D-185B-44F0-B4E1-FF18F75F9FCD}.Release|Any CPU.ActiveCfg = Release|Any CPU
		{F5AC106D-185B-44F0-B4E1-FF18F75F9FCD}.Release|Any CPU.Build.0 = Release|Any CPU
	EndGlobalSection
	GlobalSection(SolutionProperties) = preSolution
		HideSolutionNode = FALSE
	EndGlobalSection
	GlobalSection(ExtensibilityGlobals) = postSolution
		SolutionGuid = {F7145C8A-146F-44F7-B1D6-C09F74D59FFD}
	EndGlobalSection
EndGlobal
